
Microsoft Visual Studio Solution File, Format Version 12.00
# Visual Studio Version 16
VisualStudioVersion = 16.0.30021.99
MinimumVisualStudioVersion = 10.0.40219.1
Project("{FAE04EC0-301F-11D3-BF4B-00C04F79EFBC}") = "Lab1CoreDavidAlvarado", "Lab1CoreDavidAlvarado\Lab1CoreDavidAlvarado.csproj", "{591B691A-1337-48E9-963C-898BBD128103}"
EndProject
Global
	GlobalSection(SolutionConfigurationPlatforms) = preSolution
		Debug|Any CPU = Debug|Any CPU
		Release|Any CPU = Release|Any CPU
	EndGlobalSection
	GlobalSection(ProjectConfigurationPlatforms) = postSolution
		{591B691A-1337-48E9-963C-898BBD128103}.Debug|Any CPU.ActiveCfg = Debug|Any CPU
		{591B691A-1337-48E9-963C-898BBD128103}.Debug|Any CPU.Build.0 = Debug|Any CPU
		{591B691A-1337-48E9-963C-898BBD128103}.Release|Any CPU.ActiveCfg = Release|Any CPU
		{591B691A-1337-48E9-963C-898BBD128103}.Release|Any CPU.Build.0 = Release|Any CPU
	EndGlobalSection
	GlobalSection(SolutionProperties) = preSolution
		HideSolutionNode = FALSE
	EndGlobalSection
	GlobalSection(ExtensibilityGlobals) = postSolution
		SolutionGuid = {C319CE00-C79F-4BBD-9D78-DA33DD76B91B}
	EndGlobalSection
EndGlobal
